PODS:
  - GoogleMaps (3.8.0):
    - GoogleMaps/Maps (= 3.8.0)
  - GoogleMaps/Base (3.8.0)
  - GoogleMaps/Maps (3.8.0):
    - GoogleMaps/Base
  - GooglePlaces (3.8.0):
    - GoogleMaps/Base (= 3.8.0)
  - ReachabilitySwift (5.0.0)

DEPENDENCIES:
  - GoogleMaps
  - GooglePlaces
  - ReachabilitySwift

SPEC REPOS:
  trunk:
    - GoogleMaps
    - GooglePlaces
    - ReachabilitySwift

SPEC CHECKSUMS:
  GoogleMaps: 7c8d66d70e4e8c300f43a7219d8fdaad7b325a9a
  GooglePlaces: d5f70c3e9e427964fdeca1301a665d276ccd8754
  ReachabilitySwift: 985039c6f7b23a1da463388634119492ff86c825

PODFILE CHECKSUM: 706779f6b66b7fdb913226e2805cd41ce0c68252

COCOAPODS: 1.8.3
